
Microsoft Visual Studio Solution File, Format Version 12.00
# Visual Studio 15
VisualStudioVersion = 15.0.28010.2048
MinimumVisualStudioVersion = 10.0.40219.1
Project("{FAE04EC0-301F-11D3-BF4B-00C04F79EFBC}") = "PayBoxForm", "PayBoxForm\PayBoxForm.csproj", "{06BCEB9B-232A-43FD-B348-E2BBFD00FF7F}"
EndProject
Global
	GlobalSection(SolutionConfigurationPlatforms) = preSolution
		Debug|Any CPU = Debug|Any CPU
		Release|Any CPU = Release|Any CPU
	EndGlobalSection
	GlobalSection(ProjectConfigurationPlatforms) = postSolution
		{06BCEB9B-232A-43FD-B348-E2BBFD00FF7F}.Debug|Any CPU.ActiveCfg = Debug|Any CPU
		{06BCEB9B-232A-43FD-B348-E2BBFD00FF7F}.Debug|Any CPU.Build.0 = Debug|Any CPU
		{06BCEB9B-232A-43FD-B348-E2BBFD00FF7F}.Release|Any CPU.ActiveCfg = Release|Any CPU
		{06BCEB9B-232A-43FD-B348-E2BBFD00FF7F}.Release|Any CPU.Build.0 = Release|Any CPU
	EndGlobalSection
	GlobalSection(SolutionProperties) = preSolution
		HideSolutionNode = FALSE
	EndGlobalSection
	GlobalSection(ExtensibilityGlobals) = postSolution
		SolutionGuid = {D9B4058D-6D70-4A14-AD2A-A72FC2FAFD34}
	EndGlobalSection
EndGlobal
