
Microsoft Visual Studio Solution File, Format Version 12.00
# Visual Studio 15
VisualStudioVersion = 15.0.28010.2048
MinimumVisualStudioVersion = 10.0.40219.1
Project("{FAE04EC0-301F-11D3-BF4B-00C04F79EFBC}") = "RESTCklient", "RESTCklient\RESTCklient.csproj", "{205F699E-C445-4B17-9F5D-94CDF165F73E}"
EndProject
Global
	GlobalSection(SolutionConfigurationPlatforms) = preSolution
		Debug|Any CPU = Debug|Any CPU
		Release|Any CPU = Release|Any CPU
	EndGlobalSection
	GlobalSection(ProjectConfigurationPlatforms) = postSolution
		{205F699E-C445-4B17-9F5D-94CDF165F73E}.Debug|Any CPU.ActiveCfg = Debug|Any CPU
		{205F699E-C445-4B17-9F5D-94CDF165F73E}.Debug|Any CPU.Build.0 = Debug|Any CPU
		{205F699E-C445-4B17-9F5D-94CDF165F73E}.Release|Any CPU.ActiveCfg = Release|Any CPU
		{205F699E-C445-4B17-9F5D-94CDF165F73E}.Release|Any CPU.Build.0 = Release|Any CPU
	EndGlobalSection
	GlobalSection(SolutionProperties) = preSolution
		HideSolutionNode = FALSE
	EndGlobalSection
	GlobalSection(ExtensibilityGlobals) = postSolution
		SolutionGuid = {97A6F029-D5E6-4F3B-BCF9-F219CC08A66C}
	EndGlobalSection
EndGlobal
