
Microsoft Visual Studio Solution File, Format Version 12.00
# Visual Studio 15
VisualStudioVersion = 15.0.28010.2048
MinimumVisualStudioVersion = 10.0.40219.1
Project("{FAE04EC0-301F-11D3-BF4B-00C04F79EFBC}") = "ArchiveOrdersProcedure", "ArchiveOrdersProcedure\ArchiveOrdersProcedure.csproj", "{6ED3C29C-22CF-4CF2-B9B3-E1A2ED413ACE}"
EndProject
Global
	GlobalSection(SolutionConfigurationPlatforms) = preSolution
		Debug|Any CPU = Debug|Any CPU
		Release|Any CPU = Release|Any CPU
	EndGlobalSection
	GlobalSection(ProjectConfigurationPlatforms) = postSolution
		{6ED3C29C-22CF-4CF2-B9B3-E1A2ED413ACE}.Debug|Any CPU.ActiveCfg = Debug|Any CPU
		{6ED3C29C-22CF-4CF2-B9B3-E1A2ED413ACE}.Debug|Any CPU.Build.0 = Debug|Any CPU
		{6ED3C29C-22CF-4CF2-B9B3-E1A2ED413ACE}.Release|Any CPU.ActiveCfg = Release|Any CPU
		{6ED3C29C-22CF-4CF2-B9B3-E1A2ED413ACE}.Release|Any CPU.Build.0 = Release|Any CPU
	EndGlobalSection
	GlobalSection(SolutionProperties) = preSolution
		HideSolutionNode = FALSE
	EndGlobalSection
	GlobalSection(ExtensibilityGlobals) = postSolution
		SolutionGuid = {5D69230F-073C-491F-A8C1-0D8073AF762F}
	EndGlobalSection
EndGlobal
