
Microsoft Visual Studio Solution File, Format Version 12.00
# Visual Studio 15
VisualStudioVersion = 15.0.28010.2048
MinimumVisualStudioVersion = 10.0.40219.1
Project("{FAE04EC0-301F-11D3-BF4B-00C04F79EFBC}") = "MyFirstWebApp", "MyFirstWebApp\MyFirstWebApp.csproj", "{AB6F0BA6-F1CF-4C79-A489-122797CF5944}"
EndProject
Global
	GlobalSection(SolutionConfigurationPlatforms) = preSolution
		Debug|Any CPU = Debug|Any CPU
		Release|Any CPU = Release|Any CPU
	EndGlobalSection
	GlobalSection(ProjectConfigurationPlatforms) = postSolution
		{AB6F0BA6-F1CF-4C79-A489-122797CF5944}.Debug|Any CPU.ActiveCfg = Debug|Any CPU
		{AB6F0BA6-F1CF-4C79-A489-122797CF5944}.Debug|Any CPU.Build.0 = Debug|Any CPU
		{AB6F0BA6-F1CF-4C79-A489-122797CF5944}.Release|Any CPU.ActiveCfg = Release|Any CPU
		{AB6F0BA6-F1CF-4C79-A489-122797CF5944}.Release|Any CPU.Build.0 = Release|Any CPU
	EndGlobalSection
	GlobalSection(SolutionProperties) = preSolution
		HideSolutionNode = FALSE
	EndGlobalSection
	GlobalSection(ExtensibilityGlobals) = postSolution
		SolutionGuid = {3ED327B3-54F8-40CE-B57E-D9B87620A993}
	EndGlobalSection
EndGlobal
