
Microsoft Visual Studio Solution File, Format Version 12.00
# Visual Studio 15
VisualStudioVersion = 15.0.28010.2048
MinimumVisualStudioVersion = 10.0.40219.1
Project("{FAE04EC0-301F-11D3-BF4B-00C04F79EFBC}") = "WcfServiceCESKO", "WcfServiceCESKO\WcfServiceCESKO.csproj", "{91E5AF63-D640-4E69-A4E8-A1F19F2F8ED1}"
EndProject
Project("{FAE04EC0-301F-11D3-BF4B-00C04F79EFBC}") = "CESKOApp", "CESKOApp\CESKOApp.csproj", "{0254C6A5-EA2A-4C71-A998-3A75CA02D0F8}"
EndProject
Project("{FAE04EC0-301F-11D3-BF4B-00C04F79EFBC}") = "hosing", "hosing\hosing.csproj", "{34490BF0-39A8-4F8A-A210-39DF01D107B1}"
EndProject
Global
	GlobalSection(SolutionConfigurationPlatforms) = preSolution
		Debug|Any CPU = Debug|Any CPU
		Release|Any CPU = Release|Any CPU
	EndGlobalSection
	GlobalSection(ProjectConfigurationPlatforms) = postSolution
		{91E5AF63-D640-4E69-A4E8-A1F19F2F8ED1}.Debug|Any CPU.ActiveCfg = Debug|Any CPU
		{91E5AF63-D640-4E69-A4E8-A1F19F2F8ED1}.Debug|Any CPU.Build.0 = Debug|Any CPU
		{91E5AF63-D640-4E69-A4E8-A1F19F2F8ED1}.Release|Any CPU.ActiveCfg = Release|Any CPU
		{91E5AF63-D640-4E69-A4E8-A1F19F2F8ED1}.Release|Any CPU.Build.0 = Release|Any CPU
		{0254C6A5-EA2A-4C71-A998-3A75CA02D0F8}.Debug|Any CPU.ActiveCfg = Debug|Any CPU
		{0254C6A5-EA2A-4C71-A998-3A75CA02D0F8}.Debug|Any CPU.Build.0 = Debug|Any CPU
		{0254C6A5-EA2A-4C71-A998-3A75CA02D0F8}.Release|Any CPU.ActiveCfg = Release|Any CPU
		{0254C6A5-EA2A-4C71-A998-3A75CA02D0F8}.Release|Any CPU.Build.0 = Release|Any CPU
		{34490BF0-39A8-4F8A-A210-39DF01D107B1}.Debug|Any CPU.ActiveCfg = Debug|Any CPU
		{34490BF0-39A8-4F8A-A210-39DF01D107B1}.Debug|Any CPU.Build.0 = Debug|Any CPU
		{34490BF0-39A8-4F8A-A210-39DF01D107B1}.Release|Any CPU.ActiveCfg = Release|Any CPU
		{34490BF0-39A8-4F8A-A210-39DF01D107B1}.Release|Any CPU.Build.0 = Release|Any CPU
	EndGlobalSection
	GlobalSection(SolutionProperties) = preSolution
		HideSolutionNode = FALSE
	EndGlobalSection
	GlobalSection(ExtensibilityGlobals) = postSolution
		SolutionGuid = {2D3F784C-CCD7-43EF-94E2-96752DE1A46C}
	EndGlobalSection
EndGlobal
