
Microsoft Visual Studio Solution File, Format Version 12.00
# Visual Studio 15
VisualStudioVersion = 15.0.28010.2048
MinimumVisualStudioVersion = 10.0.40219.1
Project("{FAE04EC0-301F-11D3-BF4B-00C04F79EFBC}") = "CESKOApp", "CESKOApp\CESKOApp.csproj", "{ACF9A7ED-BB08-44F6-B772-F54F21ECE3BC}"
EndProject
Global
	GlobalSection(SolutionConfigurationPlatforms) = preSolution
		Debug|Any CPU = Debug|Any CPU
		Release|Any CPU = Release|Any CPU
	EndGlobalSection
	GlobalSection(ProjectConfigurationPlatforms) = postSolution
		{ACF9A7ED-BB08-44F6-B772-F54F21ECE3BC}.Debug|Any CPU.ActiveCfg = Debug|Any CPU
		{ACF9A7ED-BB08-44F6-B772-F54F21ECE3BC}.Debug|Any CPU.Build.0 = Debug|Any CPU
		{ACF9A7ED-BB08-44F6-B772-F54F21ECE3BC}.Release|Any CPU.ActiveCfg = Release|Any CPU
		{ACF9A7ED-BB08-44F6-B772-F54F21ECE3BC}.Release|Any CPU.Build.0 = Release|Any CPU
	EndGlobalSection
	GlobalSection(SolutionProperties) = preSolution
		HideSolutionNode = FALSE
	EndGlobalSection
	GlobalSection(ExtensibilityGlobals) = postSolution
		SolutionGuid = {EF0E93CF-D878-4B5A-BDF7-37BBAF5EFCC4}
	EndGlobalSection
EndGlobal
